
Microsoft Visual Studio Solution File, Format Version 12.00
# Visual Studio Version 17
VisualStudioVersion = 17.0.31903.59
MinimumVisualStudioVersion = 10.0.40219.1
Project("{2150E333-8FDC-42A3-9474-1A3956D46DE8}") = "src", "src", "{50E58D42-6D53-4DAA-9613-1B3803657D64}"
EndProject
Project("{2150E333-8FDC-42A3-9474-1A3956D46DE8}") = "common", "common", "{8972F878-45E7-43E0-AC85-516CD56FD1DC}"
EndProject
Project("{9A19103F-16F7-4668-BE54-9A1E7A4F7556}") = "Searcher.Common.Host", "common\Host\Searcher.Common.Host.csproj", "{0A6BE566-AFAC-4DFA-B8A5-36AF2C2430E1}"
EndProject
Project("{9A19103F-16F7-4668-BE54-9A1E7A4F7556}") = "Searcher.WebHost", "src\WebHost\Searcher.WebHost.csproj", "{7B0CB251-A951-4427-9771-F603359B4111}"
EndProject
Project("{9A19103F-16F7-4668-BE54-9A1E7A4F7556}") = "Searcher.Common.Application.Abstractions", "common\Application.Abstractions\Searcher.Common.Application.Abstractions.csproj", "{BE1C76A9-603C-47F2-BF41-55410F6F392B}"
EndProject
Project("{9A19103F-16F7-4668-BE54-9A1E7A4F7556}") = "Searcher.Common.Persistence.Mongo", "common\Persistence.Mongo\Searcher.Common.Persistence.Mongo.csproj", "{6224BEFD-C354-427C-8027-51D0FF24EBC0}"
EndProject
Project("{9A19103F-16F7-4668-BE54-9A1E7A4F7556}") = "Searcher.Model", "src\Model\Searcher.Model.csproj", "{23F92BF9-F106-4CCE-A7B3-648A893FEDB8}"
EndProject
Project("{2150E333-8FDC-42A3-9474-1A3956D46DE8}") = "test", "test", "{FE7520A9-0A49-4295-AEA1-3E2C608BD07A}"
EndProject
Project("{9A19103F-16F7-4668-BE54-9A1E7A4F7556}") = "Searcher.Model.Tests", "test\Model.Tests\Searcher.Model.Tests.csproj", "{1C0D88E2-A995-41BA-879D-E68F58C6317C}"
EndProject
Project("{9A19103F-16F7-4668-BE54-9A1E7A4F7556}") = "Searcher.Performance.Tests", "test\Performance.Tests\Searcher.Performance.Tests.csproj", "{EE456E15-29FF-445B-905F-D90FAD8B6941}"
EndProject
Global
	GlobalSection(SolutionConfigurationPlatforms) = preSolution
		Debug|Any CPU = Debug|Any CPU
		Release|Any CPU = Release|Any CPU
	EndGlobalSection
	GlobalSection(ProjectConfigurationPlatforms) = postSolution
		{0A6BE566-AFAC-4DFA-B8A5-36AF2C2430E1}.Debug|Any CPU.ActiveCfg = Debug|Any CPU
		{0A6BE566-AFAC-4DFA-B8A5-36AF2C2430E1}.Debug|Any CPU.Build.0 = Debug|Any CPU
		{0A6BE566-AFAC-4DFA-B8A5-36AF2C2430E1}.Release|Any CPU.ActiveCfg = Release|Any CPU
		{0A6BE566-AFAC-4DFA-B8A5-36AF2C2430E1}.Release|Any CPU.Build.0 = Release|Any CPU
		{7B0CB251-A951-4427-9771-F603359B4111}.Debug|Any CPU.ActiveCfg = Debug|Any CPU
		{7B0CB251-A951-4427-9771-F603359B4111}.Debug|Any CPU.Build.0 = Debug|Any CPU
		{7B0CB251-A951-4427-9771-F603359B4111}.Release|Any CPU.ActiveCfg = Release|Any CPU
		{7B0CB251-A951-4427-9771-F603359B4111}.Release|Any CPU.Build.0 = Release|Any CPU
		{BE1C76A9-603C-47F2-BF41-55410F6F392B}.Debug|Any CPU.ActiveCfg = Debug|Any CPU
		{BE1C76A9-603C-47F2-BF41-55410F6F392B}.Debug|Any CPU.Build.0 = Debug|Any CPU
		{BE1C76A9-603C-47F2-BF41-55410F6F392B}.Release|Any CPU.ActiveCfg = Release|Any CPU
		{BE1C76A9-603C-47F2-BF41-55410F6F392B}.Release|Any CPU.Build.0 = Release|Any CPU
		{6224BEFD-C354-427C-8027-51D0FF24EBC0}.Debug|Any CPU.ActiveCfg = Debug|Any CPU
		{6224BEFD-C354-427C-8027-51D0FF24EBC0}.Debug|Any CPU.Build.0 = Debug|Any CPU
		{6224BEFD-C354-427C-8027-51D0FF24EBC0}.Release|Any CPU.ActiveCfg = Release|Any CPU
		{6224BEFD-C354-427C-8027-51D0FF24EBC0}.Release|Any CPU.Build.0 = Release|Any CPU
		{23F92BF9-F106-4CCE-A7B3-648A893FEDB8}.Debug|Any CPU.ActiveCfg = Debug|Any CPU
		{23F92BF9-F106-4CCE-A7B3-648A893FEDB8}.Debug|Any CPU.Build.0 = Debug|Any CPU
		{23F92BF9-F106-4CCE-A7B3-648A893FEDB8}.Release|Any CPU.ActiveCfg = Release|Any CPU
		{23F92BF9-F106-4CCE-A7B3-648A893FEDB8}.Release|Any CPU.Build.0 = Release|Any CPU
		{1C0D88E2-A995-41BA-879D-E68F58C6317C}.Debug|Any CPU.ActiveCfg = Debug|Any CPU
		{1C0D88E2-A995-41BA-879D-E68F58C6317C}.Debug|Any CPU.Build.0 = Debug|Any CPU
		{1C0D88E2-A995-41BA-879D-E68F58C6317C}.Release|Any CPU.ActiveCfg = Release|Any CPU
		{1C0D88E2-A995-41BA-879D-E68F58C6317C}.Release|Any CPU.Build.0 = Release|Any CPU
		{EE456E15-29FF-445B-905F-D90FAD8B6941}.Debug|Any CPU.ActiveCfg = Debug|Any CPU
		{EE456E15-29FF-445B-905F-D90FAD8B6941}.Debug|Any CPU.Build.0 = Debug|Any CPU
		{EE456E15-29FF-445B-905F-D90FAD8B6941}.Release|Any CPU.ActiveCfg = Release|Any CPU
		{EE456E15-29FF-445B-905F-D90FAD8B6941}.Release|Any CPU.Build.0 = Release|Any CPU
	EndGlobalSection
	GlobalSection(SolutionProperties) = preSolution
		HideSolutionNode = FALSE
	EndGlobalSection
	GlobalSection(NestedProjects) = preSolution
		{0A6BE566-AFAC-4DFA-B8A5-36AF2C2430E1} = {8972F878-45E7-43E0-AC85-516CD56FD1DC}
		{7B0CB251-A951-4427-9771-F603359B4111} = {50E58D42-6D53-4DAA-9613-1B3803657D64}
		{BE1C76A9-603C-47F2-BF41-55410F6F392B} = {8972F878-45E7-43E0-AC85-516CD56FD1DC}
		{6224BEFD-C354-427C-8027-51D0FF24EBC0} = {8972F878-45E7-43E0-AC85-516CD56FD1DC}
		{23F92BF9-F106-4CCE-A7B3-648A893FEDB8} = {50E58D42-6D53-4DAA-9613-1B3803657D64}
		{1C0D88E2-A995-41BA-879D-E68F58C6317C} = {FE7520A9-0A49-4295-AEA1-3E2C608BD07A}
		{EE456E15-29FF-445B-905F-D90FAD8B6941} = {FE7520A9-0A49-4295-AEA1-3E2C608BD07A}
	EndGlobalSection
	GlobalSection(ExtensibilityGlobals) = postSolution
		SolutionGuid = {0027DC19-1DC6-4F37-A934-F2012788F1AB}
	EndGlobalSection
EndGlobal
