
Microsoft Visual Studio Solution File, Format Version 12.00
# Visual Studio Version 17
VisualStudioVersion = 17.0.31903.59
MinimumVisualStudioVersion = 10.0.40219.1
Project("{2150E333-8FDC-42A3-9474-1A3956D46DE8}") = "src", "src", "{50E58D42-6D53-4DAA-9613-1B3803657D64}"
EndProject
Project("{9A19103F-16F7-4668-BE54-9A1E7A4F7556}") = "Searcher.Host", "src\Host\Searcher.Host.csproj", "{CF9D00C5-7C99-43CA-BA11-5C072E77214D}"
EndProject
Project("{2150E333-8FDC-42A3-9474-1A3956D46DE8}") = "common", "common", "{8972F878-45E7-43E0-AC85-516CD56FD1DC}"
EndProject
Project("{9A19103F-16F7-4668-BE54-9A1E7A4F7556}") = "Searcher.Common.Host", "common\Host\Searcher.Common.Host.csproj", "{0A6BE566-AFAC-4DFA-B8A5-36AF2C2430E1}"
EndProject
Global
	GlobalSection(SolutionConfigurationPlatforms) = preSolution
		Debug|Any CPU = Debug|Any CPU
		Release|Any CPU = Release|Any CPU
	EndGlobalSection
	GlobalSection(ProjectConfigurationPlatforms) = postSolution
		{CF9D00C5-7C99-43CA-BA11-5C072E77214D}.Debug|Any CPU.ActiveCfg = Debug|Any CPU
		{CF9D00C5-7C99-43CA-BA11-5C072E77214D}.Debug|Any CPU.Build.0 = Debug|Any CPU
		{CF9D00C5-7C99-43CA-BA11-5C072E77214D}.Release|Any CPU.ActiveCfg = Release|Any CPU
		{CF9D00C5-7C99-43CA-BA11-5C072E77214D}.Release|Any CPU.Build.0 = Release|Any CPU
		{0A6BE566-AFAC-4DFA-B8A5-36AF2C2430E1}.Debug|Any CPU.ActiveCfg = Debug|Any CPU
		{0A6BE566-AFAC-4DFA-B8A5-36AF2C2430E1}.Debug|Any CPU.Build.0 = Debug|Any CPU
		{0A6BE566-AFAC-4DFA-B8A5-36AF2C2430E1}.Release|Any CPU.ActiveCfg = Release|Any CPU
		{0A6BE566-AFAC-4DFA-B8A5-36AF2C2430E1}.Release|Any CPU.Build.0 = Release|Any CPU
	EndGlobalSection
	GlobalSection(SolutionProperties) = preSolution
		HideSolutionNode = FALSE
	EndGlobalSection
	GlobalSection(NestedProjects) = preSolution
		{CF9D00C5-7C99-43CA-BA11-5C072E77214D} = {50E58D42-6D53-4DAA-9613-1B3803657D64}
		{0A6BE566-AFAC-4DFA-B8A5-36AF2C2430E1} = {8972F878-45E7-43E0-AC85-516CD56FD1DC}
	EndGlobalSection
	GlobalSection(ExtensibilityGlobals) = postSolution
		SolutionGuid = {0027DC19-1DC6-4F37-A934-F2012788F1AB}
	EndGlobalSection
EndGlobal
